
Microsoft Visual Studio Solution File, Format Version 12.00
# Visual Studio Version 17
VisualStudioVersion = 17.0.31903.59
MinimumVisualStudioVersion = 10.0.40219.1
Project("{9A19103F-16F7-4668-BE54-9A1E7A4F7556}") = "GymManager.Core", "GymManager.Core\GymManager.Core.csproj", "{CE6B807F-CF80-4CCF-AE2F-279D706D1FE8}"
EndProject
Project("{9A19103F-16F7-4668-BE54-9A1E7A4F7556}") = "GymManager.Business", "GymManager.Business\GymManager.Business.csproj", "{E1D5D1E7-0FB2-4EB0-8666-25D7CB917E25}"
EndProject
Project("{FAE04EC0-301F-11D3-BF4B-00C04F79EFBC}") = "GymManager.MauiView", "GymManager\GymManager.MauiView.csproj", "{A0D64E26-A674-4A0F-A0B1-18E7DD1289D5}"
EndProject
Global
	GlobalSection(SolutionConfigurationPlatforms) = preSolution
		Debug|Any CPU = Debug|Any CPU
		Debug|x64 = Debug|x64
		Debug|x86 = Debug|x86
		Release|Any CPU = Release|Any CPU
		Release|x64 = Release|x64
		Release|x86 = Release|x86
	EndGlobalSection
	GlobalSection(ProjectConfigurationPlatforms) = postSolution
		{CE6B807F-CF80-4CCF-AE2F-279D706D1FE8}.Debug|Any CPU.ActiveCfg = Debug|Any CPU
		{CE6B807F-CF80-4CCF-AE2F-279D706D1FE8}.Debug|Any CPU.Build.0 = Debug|Any CPU
		{CE6B807F-CF80-4CCF-AE2F-279D706D1FE8}.Debug|x64.ActiveCfg = Debug|Any CPU
		{CE6B807F-CF80-4CCF-AE2F-279D706D1FE8}.Debug|x64.Build.0 = Debug|Any CPU
		{CE6B807F-CF80-4CCF-AE2F-279D706D1FE8}.Debug|x86.ActiveCfg = Debug|Any CPU
		{CE6B807F-CF80-4CCF-AE2F-279D706D1FE8}.Debug|x86.Build.0 = Debug|Any CPU
		{CE6B807F-CF80-4CCF-AE2F-279D706D1FE8}.Release|Any CPU.ActiveCfg = Release|Any CPU
		{CE6B807F-CF80-4CCF-AE2F-279D706D1FE8}.Release|Any CPU.Build.0 = Release|Any CPU
		{CE6B807F-CF80-4CCF-AE2F-279D706D1FE8}.Release|x64.ActiveCfg = Release|Any CPU
		{CE6B807F-CF80-4CCF-AE2F-279D706D1FE8}.Release|x64.Build.0 = Release|Any CPU
		{CE6B807F-CF80-4CCF-AE2F-279D706D1FE8}.Release|x86.ActiveCfg = Release|Any CPU
		{CE6B807F-CF80-4CCF-AE2F-279D706D1FE8}.Release|x86.Build.0 = Release|Any CPU
		{E1D5D1E7-0FB2-4EB0-8666-25D7CB917E25}.Debug|Any CPU.ActiveCfg = Debug|Any CPU
		{E1D5D1E7-0FB2-4EB0-8666-25D7CB917E25}.Debug|Any CPU.Build.0 = Debug|Any CPU
		{E1D5D1E7-0FB2-4EB0-8666-25D7CB917E25}.Debug|x64.ActiveCfg = Debug|Any CPU
		{E1D5D1E7-0FB2-4EB0-8666-25D7CB917E25}.Debug|x64.Build.0 = Debug|Any CPU
		{E1D5D1E7-0FB2-4EB0-8666-25D7CB917E25}.Debug|x86.ActiveCfg = Debug|Any CPU
		{E1D5D1E7-0FB2-4EB0-8666-25D7CB917E25}.Debug|x86.Build.0 = Debug|Any CPU
		{E1D5D1E7-0FB2-4EB0-8666-25D7CB917E25}.Release|Any CPU.ActiveCfg = Release|Any CPU
		{E1D5D1E7-0FB2-4EB0-8666-25D7CB917E25}.Release|Any CPU.Build.0 = Release|Any CPU
		{E1D5D1E7-0FB2-4EB0-8666-25D7CB917E25}.Release|x64.ActiveCfg = Release|Any CPU
		{E1D5D1E7-0FB2-4EB0-8666-25D7CB917E25}.Release|x64.Build.0 = Release|Any CPU
		{E1D5D1E7-0FB2-4EB0-8666-25D7CB917E25}.Release|x86.ActiveCfg = Release|Any CPU
		{E1D5D1E7-0FB2-4EB0-8666-25D7CB917E25}.Release|x86.Build.0 = Release|Any CPU
		{A0D64E26-A674-4A0F-A0B1-18E7DD1289D5}.Debug|Any CPU.ActiveCfg = Debug|Any CPU
		{A0D64E26-A674-4A0F-A0B1-18E7DD1289D5}.Debug|Any CPU.Build.0 = Debug|Any CPU
		{A0D64E26-A674-4A0F-A0B1-18E7DD1289D5}.Debug|Any CPU.Deploy.0 = Debug|Any CPU
		{A0D64E26-A674-4A0F-A0B1-18E7DD1289D5}.Debug|x64.ActiveCfg = Debug|Any CPU
		{A0D64E26-A674-4A0F-A0B1-18E7DD1289D5}.Debug|x64.Build.0 = Debug|Any CPU
		{A0D64E26-A674-4A0F-A0B1-18E7DD1289D5}.Debug|x86.ActiveCfg = Debug|Any CPU
		{A0D64E26-A674-4A0F-A0B1-18E7DD1289D5}.Debug|x86.Build.0 = Debug|Any CPU
		{A0D64E26-A674-4A0F-A0B1-18E7DD1289D5}.Release|Any CPU.ActiveCfg = Release|Any CPU
		{A0D64E26-A674-4A0F-A0B1-18E7DD1289D5}.Release|Any CPU.Build.0 = Release|Any CPU
		{A0D64E26-A674-4A0F-A0B1-18E7DD1289D5}.Release|x64.ActiveCfg = Release|Any CPU
		{A0D64E26-A674-4A0F-A0B1-18E7DD1289D5}.Release|x64.Build.0 = Release|Any CPU
		{A0D64E26-A674-4A0F-A0B1-18E7DD1289D5}.Release|x86.ActiveCfg = Release|Any CPU
		{A0D64E26-A674-4A0F-A0B1-18E7DD1289D5}.Release|x86.Build.0 = Release|Any CPU
	EndGlobalSection
	GlobalSection(SolutionProperties) = preSolution
		HideSolutionNode = FALSE
	EndGlobalSection
EndGlobal
